
Microsoft Visual Studio Solution File, Format Version 12.00
# Visual Studio 2013
VisualStudioVersion = 12.0.40629.0
MinimumVisualStudioVersion = 10.0.40219.1
Project("{FAE04EC0-301F-11D3-BF4B-00C04F79EFBC}") = "ePSMS", "iLgs\ePSMS.csproj", "{856B3712-4F14-406C-B6E6-2D46520232C6}"
EndProject
Project("{2150E333-8FDC-42A3-9474-1A3956D46DE8}") = ".nuget", ".nuget", "{98C09CC8-5AE1-4DAE-BA07-6ED5CB48210B}"
	ProjectSection(SolutionItems) = preProject
		.nuget\packages.config = .nuget\packages.config
	EndProjectSection
EndProject
Global
	GlobalSection(SolutionConfigurationPlatforms) = preSolution
		Debug|Any CPU = Debug|Any CPU
		Release|Any CPU = Release|Any CPU
	EndGlobalSection
	GlobalSection(ProjectConfigurationPlatforms) = postSolution
		{856B3712-4F14-406C-B6E6-2D46520232C6}.Debug|Any CPU.ActiveCfg = Debug|Any CPU
		{856B3712-4F14-406C-B6E6-2D46520232C6}.Debug|Any CPU.Build.0 = Debug|Any CPU
		{856B3712-4F14-406C-B6E6-2D46520232C6}.Release|Any CPU.ActiveCfg = Release|Any CPU
		{856B3712-4F14-406C-B6E6-2D46520232C6}.Release|Any CPU.Build.0 = Release|Any CPU
	EndGlobalSection
	GlobalSection(SolutionProperties) = preSolution
		HideSolutionNode = FALSE
	EndGlobalSection
EndGlobal
